
Microsoft Visual Studio Solution File, Format Version 12.00
# Visual Studio Version 17
VisualStudioVersion = 17.0.31903.59
MinimumVisualStudioVersion = 10.0.40219.1
Project("{FAE04EC0-301F-11D3-BF4B-00C04F79EFBC}") = "Domain", "Domain\Domain.csproj", "{9528001D-4884-46DC-A3CB-61D78D76E2A6}"
EndProject
Project("{FAE04EC0-301F-11D3-BF4B-00C04F79EFBC}") = "Infrastructure", "Infrastructure\Infrastructure.csproj", "{C7688542-638A-48B1-B965-E2D33FD6F222}"
EndProject
Project("{FAE04EC0-301F-11D3-BF4B-00C04F79EFBC}") = "Application", "Application\Application.csproj", "{D5228721-AEA1-4B4C-AE07-9C7608A0A151}"
EndProject
Project("{FAE04EC0-301F-11D3-BF4B-00C04F79EFBC}") = "SharedKernel", "SharedKernel\SharedKernel.csproj", "{EEFD6CDA-86F0-4DC8-B556-5DED66554264}"
EndProject
Global
	GlobalSection(SolutionConfigurationPlatforms) = preSolution
		Debug|Any CPU = Debug|Any CPU
		Debug|x64 = Debug|x64
		Debug|x86 = Debug|x86
		Release|Any CPU = Release|Any CPU
		Release|x64 = Release|x64
		Release|x86 = Release|x86
	EndGlobalSection
	GlobalSection(ProjectConfigurationPlatforms) = postSolution
		{9528001D-4884-46DC-A3CB-61D78D76E2A6}.Debug|Any CPU.ActiveCfg = Debug|Any CPU
		{9528001D-4884-46DC-A3CB-61D78D76E2A6}.Debug|Any CPU.Build.0 = Debug|Any CPU
		{9528001D-4884-46DC-A3CB-61D78D76E2A6}.Debug|x64.ActiveCfg = Debug|Any CPU
		{9528001D-4884-46DC-A3CB-61D78D76E2A6}.Debug|x64.Build.0 = Debug|Any CPU
		{9528001D-4884-46DC-A3CB-61D78D76E2A6}.Debug|x86.ActiveCfg = Debug|Any CPU
		{9528001D-4884-46DC-A3CB-61D78D76E2A6}.Debug|x86.Build.0 = Debug|Any CPU
		{9528001D-4884-46DC-A3CB-61D78D76E2A6}.Release|Any CPU.ActiveCfg = Release|Any CPU
		{9528001D-4884-46DC-A3CB-61D78D76E2A6}.Release|Any CPU.Build.0 = Release|Any CPU
		{9528001D-4884-46DC-A3CB-61D78D76E2A6}.Release|x64.ActiveCfg = Release|Any CPU
		{9528001D-4884-46DC-A3CB-61D78D76E2A6}.Release|x64.Build.0 = Release|Any CPU
		{9528001D-4884-46DC-A3CB-61D78D76E2A6}.Release|x86.ActiveCfg = Release|Any CPU
		{9528001D-4884-46DC-A3CB-61D78D76E2A6}.Release|x86.Build.0 = Release|Any CPU
		{C7688542-638A-48B1-B965-E2D33FD6F222}.Debug|Any CPU.ActiveCfg = Debug|Any CPU
		{C7688542-638A-48B1-B965-E2D33FD6F222}.Debug|Any CPU.Build.0 = Debug|Any CPU
		{C7688542-638A-48B1-B965-E2D33FD6F222}.Debug|x64.ActiveCfg = Debug|Any CPU
		{C7688542-638A-48B1-B965-E2D33FD6F222}.Debug|x64.Build.0 = Debug|Any CPU
		{C7688542-638A-48B1-B965-E2D33FD6F222}.Debug|x86.ActiveCfg = Debug|Any CPU
		{C7688542-638A-48B1-B965-E2D33FD6F222}.Debug|x86.Build.0 = Debug|Any CPU
		{C7688542-638A-48B1-B965-E2D33FD6F222}.Release|Any CPU.ActiveCfg = Release|Any CPU
		{C7688542-638A-48B1-B965-E2D33FD6F222}.Release|Any CPU.Build.0 = Release|Any CPU
		{C7688542-638A-48B1-B965-E2D33FD6F222}.Release|x64.ActiveCfg = Release|Any CPU
		{C7688542-638A-48B1-B965-E2D33FD6F222}.Release|x64.Build.0 = Release|Any CPU
		{C7688542-638A-48B1-B965-E2D33FD6F222}.Release|x86.ActiveCfg = Release|Any CPU
		{C7688542-638A-48B1-B965-E2D33FD6F222}.Release|x86.Build.0 = Release|Any CPU
		{D5228721-AEA1-4B4C-AE07-9C7608A0A151}.Debug|Any CPU.ActiveCfg = Debug|Any CPU
		{D5228721-AEA1-4B4C-AE07-9C7608A0A151}.Debug|Any CPU.Build.0 = Debug|Any CPU
		{D5228721-AEA1-4B4C-AE07-9C7608A0A151}.Debug|x64.ActiveCfg = Debug|Any CPU
		{D5228721-AEA1-4B4C-AE07-9C7608A0A151}.Debug|x64.Build.0 = Debug|Any CPU
		{D5228721-AEA1-4B4C-AE07-9C7608A0A151}.Debug|x86.ActiveCfg = Debug|Any CPU
		{D5228721-AEA1-4B4C-AE07-9C7608A0A151}.Debug|x86.Build.0 = Debug|Any CPU
		{D5228721-AEA1-4B4C-AE07-9C7608A0A151}.Release|Any CPU.ActiveCfg = Release|Any CPU
		{D5228721-AEA1-4B4C-AE07-9C7608A0A151}.Release|Any CPU.Build.0 = Release|Any CPU
		{D5228721-AEA1-4B4C-AE07-9C7608A0A151}.Release|x64.ActiveCfg = Release|Any CPU
		{D5228721-AEA1-4B4C-AE07-9C7608A0A151}.Release|x64.Build.0 = Release|Any CPU
		{D5228721-AEA1-4B4C-AE07-9C7608A0A151}.Release|x86.ActiveCfg = Release|Any CPU
		{D5228721-AEA1-4B4C-AE07-9C7608A0A151}.Release|x86.Build.0 = Release|Any CPU
		{EEFD6CDA-86F0-4DC8-B556-5DED66554264}.Debug|Any CPU.ActiveCfg = Debug|Any CPU
		{EEFD6CDA-86F0-4DC8-B556-5DED66554264}.Debug|Any CPU.Build.0 = Debug|Any CPU
		{EEFD6CDA-86F0-4DC8-B556-5DED66554264}.Debug|x64.ActiveCfg = Debug|Any CPU
		{EEFD6CDA-86F0-4DC8-B556-5DED66554264}.Debug|x64.Build.0 = Debug|Any CPU
		{EEFD6CDA-86F0-4DC8-B556-5DED66554264}.Debug|x86.ActiveCfg = Debug|Any CPU
		{EEFD6CDA-86F0-4DC8-B556-5DED66554264}.Debug|x86.Build.0 = Debug|Any CPU
		{EEFD6CDA-86F0-4DC8-B556-5DED66554264}.Release|Any CPU.ActiveCfg = Release|Any CPU
		{EEFD6CDA-86F0-4DC8-B556-5DED66554264}.Release|Any CPU.Build.0 = Release|Any CPU
		{EEFD6CDA-86F0-4DC8-B556-5DED66554264}.Release|x64.ActiveCfg = Release|Any CPU
		{EEFD6CDA-86F0-4DC8-B556-5DED66554264}.Release|x64.Build.0 = Release|Any CPU
		{EEFD6CDA-86F0-4DC8-B556-5DED66554264}.Release|x86.ActiveCfg = Release|Any CPU
		{EEFD6CDA-86F0-4DC8-B556-5DED66554264}.Release|x86.Build.0 = Release|Any CPU
	EndGlobalSection
	GlobalSection(SolutionProperties) = preSolution
		HideSolutionNode = FALSE
	EndGlobalSection
	GlobalSection(ExtensibilityGlobals) = postSolution
		SolutionGuid = {1C0CF42D-1442-4D27-85E5-75E8055F8FF7}
	EndGlobalSection
EndGlobal
